# This file is automatically @generated by Cargo.
# It is not intended for manual editing.
[[package]]
name = "gong"
version = "1.4.0"
source = "registry+https://github.com/rust-lang/crates.io-index"

[[package]]
name = "mdate-rust"
version = "0.1.0"
dependencies = [
 "gong 1.4.0 (registry+https://github.com/rust-lang/crates.io-index)",
]

[metadata]
"checksum gong 1.4.0 (registry+https://github.com/rust-lang/crates.io-index)" = "579fa560d2cdd72ed2b6c0285a8a76ce0e5fb560ecb646adaa90ae713dcb3cae"
